
Microsoft Visual Studio Solution File, Format Version 12.00
# Visual Studio 15
VisualStudioVersion = 15.0.27130.2026
MinimumVisualStudioVersion = 10.0.40219.1
Project("{2150E333-8FDC-42A3-9474-1A3956D46DE8}") = "testing", "testing", "{0FC66524-0EE2-410C-B971-97170166D2D6}"
EndProject
Project("{9A19103F-16F7-4668-BE54-9A1E7A4F7556}") = "Azos.Web.Social", "Azos.Web.Social\Azos.Web.Social.csproj", "{A00D364A-94BE-4508-894B-DE3056BB8351}"
EndProject
Project("{9A19103F-16F7-4668-BE54-9A1E7A4F7556}") = "Azos.Tests.Social", "testing\Azos.Tests.Social\Azos.Tests.Social.csproj", "{200B9F27-E8B5-48CF-982F-391B1FFDBA5B}"
EndProject
Global
	GlobalSection(SolutionConfigurationPlatforms) = preSolution
		Debug|Any CPU = Debug|Any CPU
		Release|Any CPU = Release|Any CPU
	EndGlobalSection
	GlobalSection(ProjectConfigurationPlatforms) = postSolution
		{A00D364A-94BE-4508-894B-DE3056BB8351}.Debug|Any CPU.ActiveCfg = Debug|Any CPU
		{A00D364A-94BE-4508-894B-DE3056BB8351}.Debug|Any CPU.Build.0 = Debug|Any CPU
		{A00D364A-94BE-4508-894B-DE3056BB8351}.Release|Any CPU.ActiveCfg = Release|Any CPU
		{A00D364A-94BE-4508-894B-DE3056BB8351}.Release|Any CPU.Build.0 = Release|Any CPU
		{200B9F27-E8B5-48CF-982F-391B1FFDBA5B}.Debug|Any CPU.ActiveCfg = Debug|Any CPU
		{200B9F27-E8B5-48CF-982F-391B1FFDBA5B}.Debug|Any CPU.Build.0 = Debug|Any CPU
		{200B9F27-E8B5-48CF-982F-391B1FFDBA5B}.Release|Any CPU.ActiveCfg = Release|Any CPU
		{200B9F27-E8B5-48CF-982F-391B1FFDBA5B}.Release|Any CPU.Build.0 = Release|Any CPU
	EndGlobalSection
	GlobalSection(SolutionProperties) = preSolution
		HideSolutionNode = FALSE
	EndGlobalSection
	GlobalSection(NestedProjects) = preSolution
		{200B9F27-E8B5-48CF-982F-391B1FFDBA5B} = {0FC66524-0EE2-410C-B971-97170166D2D6}
	EndGlobalSection
	GlobalSection(ExtensibilityGlobals) = postSolution
		SolutionGuid = {75EF590C-FE75-45E7-B941-B225EF484F5F}
	EndGlobalSection
EndGlobal
